// !$*UTF8*$!
{
	archiveVersion = 1;
	classes = {
	};
	objectVersion = 50;
	objects = {

/* Begin PBXBuildFile section */
		3F33361821396E62006E4FEE /* AppDelegate.swift in Sources */ = {isa = PBXBuildFile; fileRef = 3F33361721396E62006E4FEE /* AppDelegate.swift */; };
		3F33361A21396E62006E4FEE /* ViewController.swift in Sources */ = {isa = PBXBuildFile; fileRef = 3F33361921396E62006E4FEE /* ViewController.swift */; };
		3F33361D21396E62006E4FEE /* Main.storyboard in Resources */ = {isa = PBXBuildFile; fileRef = 3F33361B21396E62006E4FEE /* Main.storyboard */; };
		3F33361F21396E64006E4FEE /* Assets.xcassets in Resources */ = {isa = PBXBuildFile; fileRef = 3F33361E21396E64006E4FEE /* Assets.xcassets */; };
		3F33362221396E64006E4FEE /* LaunchScreen.storyboard in Resources */ = {isa = PBXBuildFile; fileRef = 3F33362021396E64006E4FEE /* LaunchScreen.storyboard */; };
		3F33362D21396E64006E4FEE /* XCUITestExampleUITests.swift in Sources */ = {isa = PBXBuildFile; fileRef = 3F33362C21396E64006E4FEE /* XCUITestExampleUITests.swift */; };
/* End PBXBuildFile section */

/* Begin PBXContainerItemProxy section */
		3F33362921396E64006E4FEE /* PBXContainerItemProxy */ = {
			isa = PBXContainerItemProxy;
			containerPortal = 3F33360C21396E62006E4FEE /* Project object */;
			proxyType = 1;
			remoteGlobalIDString = 3F33361321396E62006E4FEE;
			remoteInfo = XCUITestExample;
		};
/* End PBXContainerItemProxy section */

/* Begin PBXFileReference section */
		3F33361421396E62006E4FEE /* XCUITestExample.app */ = {isa = PBXFileReference; explicitFileType = wrapper.application; includeInIndex = 0; path = XCUITestExample.app; sourceTree = BUILT_PRODUCTS_DIR; };
		3F33361721396E62006E4FEE /* AppDelegate.swift */ = {isa = PBXFileReference; lastKnownFileType = sourcecode.swift; path = AppDelegate.swift; sourceTree = "<group>"; };
		3F33361921396E62006E4FEE /* ViewController.swift */ = {isa = PBXFileReference; lastKnownFileType = sourcecode.swift; path = ViewController.swift; sourceTree = "<group>"; };
		3F33361C21396E62006E4FEE /* Base */ = {isa = PBXFileReference; lastKnownFileType = file.storyboard; name = Base; path = Base.lproj/Main.storyboard; sourceTree = "<group>"; };
		3F33361E21396E64006E4FEE /* Assets.xcassets */ = {isa = PBXFileReference; lastKnownFileType = folder.assetcatalog; path = Assets.xcassets; sourceTree = "<group>"; };
		3F33362121396E64006E4FEE /* Base */ = {isa = PBXFileReference; lastKnownFileType = file.storyboard; name = Base; path = Base.lproj/LaunchScreen.storyboard; sourceTree = "<group>"; };
		3F33362321396E64006E4FEE /* Info.plist */ = {isa = PBXFileReference; lastKnownFileType = text.plist.xml; path = Info.plist; sourceTree = "<group>"; };
		3F33362821396E64006E4FEE /* XCUITestExampleUITests.xctest */ = {isa = PBXFileReference; explicitFileType = wrapper.cfbundle; includeInIndex = 0; path = XCUITestExampleUITests.xctest; sourceTree = BUILT_PRODUCTS_DIR; };
		3F33362C21396E64006E4FEE /* XCUITestExampleUITests.swift */ = {isa = PBXFileReference; lastKnownFileType = sourcecode.swift; path = XCUITestExampleUITests.swift; sourceTree = "<group>"; };
		3F33362E21396E64006E4FEE /* Info.plist */ = {isa = PBXFileReference; lastKnownFileType = text.plist.xml; path = Info.plist; sourceTree = "<group>"; };
/* End PBXFileReference section */

/* Begin PBXFrameworksBuildPhase section */
		3F33361121396E62006E4FEE /* Frameworks */ = {
			isa = PBXFrameworksBuildPhase;
			buildActionMask = 2147483647;
			files = (
			);
			runOnlyForDeploymentPostprocessing = 0;
		};
		3F33362521396E64006E4FEE /* Frameworks */ = {
			isa = PBXFrameworksBuildPhase;
			buildActionMask = 2147483647;
			files = (
			);
			runOnlyForDeploymentPostprocessing = 0;
		};
/* End PBXFrameworksBuildPhase section */

/* Begin PBXGroup section */
		3F33360B21396E62006E4FEE = {
			isa = PBXGroup;
			children = (
				3F33361621396E62006E4FEE /* XCUITestExample */,
				3F33362B21396E64006E4FEE /* XCUITestExampleUITests */,
				3F33361521396E62006E4FEE /* Products */,
			);
			sourceTree = "<group>";
		};
		3F33361521396E62006E4FEE /* Products */ = {
			isa = PBXGroup;
			children = (
				3F33361421396E62006E4FEE /* XCUITestExample.app */,
				3F33362821396E64006E4FEE /* XCUITestExampleUITests.xctest */,
			);
			name = Products;
			sourceTree = "<group>";
		};
		3F33361621396E62006E4FEE /* XCUITestExample */ = {
			isa = PBXGroup;
			children = (
				3F33361721396E62006E4FEE /* AppDelegate.swift */,
				3F33361921396E62006E4FEE /* ViewController.swift */,
				3F33361B21396E62006E4FEE /* Main.storyboard */,
				3F33361E21396E64006E4FEE /* Assets.xcassets */,
				3F33362021396E64006E4FEE /* LaunchScreen.storyboard */,
				3F33362321396E64006E4FEE /* Info.plist */,
			);
			path = XCUITestExample;
			sourceTree = "<group>";
		};
		3F33362B21396E64006E4FEE /* XCUITestExampleUITests */ = {
			isa = PBXGroup;
			children = (
				3F33362C21396E64006E4FEE /* XCUITestExampleUITests.swift */,
				3F33362E21396E64006E4FEE /* Info.plist */,
			);
			path = XCUITestExampleUITests;
			sourceTree = "<group>";
		};
/* End PBXGroup section */

/* Begin PBXNativeTarget section */
		3F33361321396E62006E4FEE /* XCUITestExample */ = {
			isa = PBXNativeTarget;
			buildConfigurationList = 3F33363121396E64006E4FEE /* Build configuration list for PBXNativeTarget "XCUITestExample" */;
			buildPhases = (
				3F33361021396E62006E4FEE /* Sources */,
				3F33361121396E62006E4FEE /* Frameworks */,
				3F33361221396E62006E4FEE /* Resources */,
			);
			buildRules = (
			);
			dependencies = (
			);
			name = XCUITestExample;
			productName = XCUITestExample;
			productReference = 3F33361421396E62006E4FEE /* XCUITestExample.app */;
			productType = "com.apple.product-type.application";
		};
		3F33362721396E64006E4FEE /* XCUITestExampleUITests */ = {
			isa = PBXNativeTarget;
			buildConfigurationList = 3F33363421396E64006E4FEE /* Build configuration list for PBXNativeTarget "XCUITestExampleUITests" */;
			buildPhases = (
				3F33362421396E64006E4FEE /* Sources */,
				3F33362521396E64006E4FEE /* Frameworks */,
				3F33362621396E64006E4FEE /* Resources */,
			);
			buildRules = (
			);
			dependencies = (
				3F33362A21396E64006E4FEE /* PBXTargetDependency */,
			);
			name = XCUITestExampleUITests;
			productName = XCUITestExampleUITests;
			productReference = 3F33362821396E64006E4FEE /* XCUITestExampleUITests.xctest */;
			productType = "com.apple.product-type.bundle.ui-testing";
		};
/* End PBXNativeTarget section */

/* Begin PBXProject section */
		3F33360C21396E62006E4FEE /* Project object */ = {
			isa = PBXProject;
			attributes = {
				LastSwiftUpdateCheck = 0940;
				LastUpgradeCheck = 0940;
				ORGANIZATIONNAME = "Kevin Yu";
				TargetAttributes = {
					3F33361321396E62006E4FEE = {
						CreatedOnToolsVersion = 9.4.1;
					};
					3F33362721396E64006E4FEE = {
						CreatedOnToolsVersion = 9.4.1;
						TestTargetID = 3F33361321396E62006E4FEE;
					};
				};
			};
			buildConfigurationList = 3F33360F21396E62006E4FEE /* Build configuration list for PBXProject "XCUITestExample" */;
			compatibilityVersion = "Xcode 9.3";
			developmentRegion = en;
			hasScannedForEncodings = 0;
			knownRegions = (
				en,
				Base,
			);
			mainGroup = 3F33360B21396E62006E4FEE;
			productRefGroup = 3F33361521396E62006E4FEE /* Products */;
			projectDirPath = "";
			projectRoot = "";
			targets = (
				3F33361321396E62006E4FEE /* XCUITestExample */,
				3F33362721396E64006E4FEE /* XCUITestExampleUITests */,
			);
		};
/* End PBXProject section */

/* Begin PBXResourcesBuildPhase section */
		3F33361221396E62006E4FEE /* Resources */ = {
			isa = PBXResourcesBuildPhase;
			buildActionMask = 2147483647;
			files = (
				3F33362221396E64006E4FEE /* LaunchScreen.storyboard in Resources */,
				3F33361F21396E64006E4FEE /* Assets.xcassets in Resources */,
				3F33361D21396E62006E4FEE /* Main.storyboard in Resources */,
			);
			runOnlyForDeploymentPostprocessing = 0;
		};
		3F33362621396E64006E4FEE /* Resources */ = {
			isa = PBXResourcesBuildPhase;
			buildActionMask = 2147483647;
			files = (
			);
			runOnlyForDeploymentPostprocessing = 0;
		};
/* End PBXResourcesBuildPhase section */

/* Begin PBXSourcesBuildPhase section */
		3F33361021396E62006E4FEE /* Sources */ = {
			isa = PBXSourcesBuildPhase;
			buildActionMask = 2147483647;
			files = (
				3F33361A21396E62006E4FEE /* ViewController.swift in Sources */,
				3F33361821396E62006E4FEE /* AppDelegate.swift in Sources */,
			);
			runOnlyForDeploymentPostprocessing = 0;
		};
		3F33362421396E64006E4FEE /* Sources */ = {
			isa = PBXSourcesBuildPhase;
			buildActionMask = 2147483647;
			files = (
				3F33362D21396E64006E4FEE /* XCUITestExampleUITests.swift in Sources */,
			);
			runOnlyForDeploymentPostprocessing = 0;
		};
/* End PBXSourcesBuildPhase section */

/* Begin PBXTargetDependency section */
		3F33362A21396E64006E4FEE /* PBXTargetDependency */ = {
			isa = PBXTargetDependency;
			target = 3F33361321396E62006E4FEE /* XCUITestExample */;
			targetProxy = 3F33362921396E64006E4FEE /* PBXContainerItemProxy */;
		};
/* End PBXTargetDependency section */

/* Begin PBXVariantGroup section */
		3F33361B21396E62006E4FEE /* Main.storyboard */ = {
			isa = PBXVariantGroup;
			children = (
				3F33361C21396E62006E4FEE /* Base */,
			);
			name = Main.storyboard;
			sourceTree = "<group>";
		};
		3F33362021396E64006E4FEE /* LaunchScreen.storyboard */ = {
			isa = PBXVariantGroup;
			children = (
				3F33362121396E64006E4FEE /* Base */,
			);
			name = LaunchScreen.storyboard;
			sourceTree = "<group>";
		};
/* End PBXVariantGroup section */

/* Begin XCBuildConfiguration section */
		3F33362F21396E64006E4FEE /* Debug */ = {
			isa = XCBuildConfiguration;
			buildSettings = {
				ALWAYS_SEARCH_USER_PATHS = NO;
				CLANG_ANALYZER_NONNULL = YES;
				CLANG_ANALYZER_NUMBER_OBJECT_CONVERSION = YES_AGGRESSIVE;
				CLANG_CXX_LANGUAGE_STANDARD = "gnu++14";
				CLANG_CXX_LIBRARY = "libc++";
				CLANG_ENABLE_MODULES = YES;
				CLANG_ENABLE_OBJC_ARC = YES;
				CLANG_ENABLE_OBJC_WEAK = YES;
				CLANG_WARN_BLOCK_CAPTURE_AUTORELEASING = YES;
				CLANG_WARN_BOOL_CONVERSION = YES;
				CLANG_WARN_COMMA = YES;
				CLANG_WARN_CONSTANT_CONVERSION = YES;
				CLANG_WARN_DEPRECATED_OBJC_IMPLEMENTATIONS = YES;
				CLANG_WARN_DIRECT_OBJC_ISA_USAGE = YES_ERROR;
				CLANG_WARN_DOCUMENTATION_COMMENTS = YES;
				CLANG_WARN_EMPTY_BODY = YES;
				CLANG_WARN_ENUM_CONVERSION = YES;
				CLANG_WARN_INFINITE_RECURSION = YES;
				CLANG_WARN_INT_CONVERSION = YES;
				CLANG_WARN_NON_LITERAL_NULL_CONVERSION = YES;
				CLANG_WARN_OBJC_IMPLICIT_RETAIN_SELF = YES;
				CLANG_WARN_OBJC_LITERAL_CONVERSION = YES;
				CLANG_WARN_OBJC_ROOT_CLASS = YES_ERROR;
				CLANG_WARN_RANGE_LOOP_ANALYSIS = YES;
				CLANG_WARN_STRICT_PROTOTYPES = YES;
				CLANG_WARN_SUSPICIOUS_MOVE = YES;
				CLANG_WARN_UNGUARDED_AVAILABILITY = YES_AGGRESSIVE;
				CLANG_WARN_UNREACHABLE_CODE = YES;
				CLANG_WARN__DUPLICATE_METHOD_MATCH = YES;
				CODE_SIGN_IDENTITY = "iPhone Developer";
				COPY_PHASE_STRIP = NO;
				DEBUG_INFORMATION_FORMAT = dwarf;
				ENABLE_STRICT_OBJC_MSGSEND = YES;
				ENABLE_TESTABILITY = YES;
				GCC_C_LANGUAGE_STANDARD = gnu11;
				GCC_DYNAMIC_NO_PIC = NO;
				GCC_NO_COMMON_BLOCKS = YES;
				GCC_OPTIMIZATION_LEVEL = 0;
				GCC_PREPROCESSOR_DEFINITIONS = (
					"DEBUG=1",
					"$(inherited)",
				);
				GCC_WARN_64_TO_32_BIT_CONVERSION = YES;
				GCC_WARN_ABOUT_RETURN_TYPE = YES_ERROR;
				GCC_WARN_UNDECLARED_SELECTOR = YES;
				GCC_WARN_UNINITIALIZED_AUTOS = YES_AGGRESSIVE;
				GCC_WARN_UNUSED_FUNCTION = YES;
				GCC_WARN_UNUSED_VARIABLE = YES;
				IPHONEOS_DEPLOYMENT_TARGET = 11.4;
				MTL_ENABLE_DEBUG_INFO = YES;
				ONLY_ACTIVE_ARCH = YES;
				SDKROOT = iphoneos;
				SWIFT_ACTIVE_COMPILATION_CONDITIONS = DEBUG;
				SWIFT_OPTIMIZATION_LEVEL = "-Onone";
			};
			name = Debug;
		};
		3F33363021396E64006E4FEE /* Release */ = {
			isa = XCBuildConfiguration;
			buildSettings = {
				ALWAYS_SEARCH_USER_PATHS = NO;
				CLANG_ANALYZER_NONNULL = YES;
				CLANG_ANALYZER_NUMBER_OBJECT_CONVERSION = YES_AGGRESSIVE;
				CLANG_CXX_LANGUAGE_STANDARD = "gnu++14";
				CLANG_CXX_LIBRARY = "libc++";
				CLANG_ENABLE_MODULES = YES;
				CLANG_ENABLE_OBJC_ARC = YES;
				CLANG_ENABLE_OBJC_WEAK = YES;
				CLANG_WARN_BLOCK_CAPTURE_AUTORELEASING = YES;
				CLANG_WARN_BOOL_CONVERSION = YES;
				CLANG_WARN_COMMA = YES;
				CLANG_WARN_CONSTANT_CONVERSION = YES;
				CLANG_WARN_DEPRECATED_OBJC_IMPLEMENTATIONS = YES;
				CLANG_WARN_DIRECT_OBJC_ISA_USAGE = YES_ERROR;
				CLANG_WARN_DOCUMENTATION_COMMENTS = YES;
				CLANG_WARN_EMPTY_BODY = YES;
				CLANG_WARN_ENUM_CONVERSION = YES;
				CLANG_WARN_INFINITE_RECURSION = YES;
				CLANG_WARN_INT_CONVERSION = YES;
				CLANG_WARN_NON_LITERAL_NULL_CONVERSION = YES;
				CLANG_WARN_OBJC_IMPLICIT_RETAIN_SELF = YES;
				CLANG_WARN_OBJC_LITERAL_CONVERSION = YES;
				CLANG_WARN_OBJC_ROOT_CLASS = YES_ERROR;
				CLANG_WARN_RANGE_LOOP_ANALYSIS = YES;
				CLANG_WARN_STRICT_PROTOTYPES = YES;
				CLANG_WARN_SUSPICIOUS_MOVE = YES;
				CLANG_WARN_UNGUARDED_AVAILABILITY = YES_AGGRESSIVE;
				CLANG_WARN_UNREACHABLE_CODE = YES;
				CLANG_WARN__DUPLICATE_METHOD_MATCH = YES;
				CODE_SIGN_IDENTITY = "iPhone Developer";
				COPY_PHASE_STRIP = NO;
				DEBUG_INFORMATION_FORMAT = "dwarf-with-dsym";
				ENABLE_NS_ASSERTIONS = NO;
				ENABLE_STRICT_OBJC_MSGSEND = YES;
				GCC_C_LANGUAGE_STANDARD = gnu11;
				GCC_NO_COMMON_BLOCKS = YES;
				GCC_WARN_64_TO_32_BIT_CONVERSION = YES;
				GCC_WARN_ABOUT_RETURN_TYPE = YES_ERROR;
				GCC_WARN_UNDECLARED_SELECTOR = YES;
				GCC_WARN_UNINITIALIZED_AUTOS = YES_AGGRESSIVE;
				GCC_WARN_UNUSED_FUNCTION = YES;
				GCC_WARN_UNUSED_VARIABLE = YES;
				IPHONEOS_DEPLOYMENT_TARGET = 11.4;
				MTL_ENABLE_DEBUG_INFO = NO;
				SDKROOT = iphoneos;
				SWIFT_COMPILATION_MODE = wholemodule;
				SWIFT_OPTIMIZATION_LEVEL = "-O";
				VALIDATE_PRODUCT = YES;
			};
			name = Release;
		};
		3F33363221396E64006E4FEE /* Debug */ = {
			isa = XCBuildConfiguration;
			buildSettings = {
				ASSETCATALOG_COMPILER_APPICON_NAME = AppIcon;
				CODE_SIGN_STYLE = Automatic;
				INFOPLIST_FILE = XCUITestExample/Info.plist;
				LD_RUNPATH_SEARCH_PATHS = (
					"$(inherited)",
					"@executable_path/Frameworks",
				);
				PRODUCT_BUNDLE_IDENTIFIER = kevinyu.XCUITestExample;
				PRODUCT_NAME = "$(TARGET_NAME)";
				SWIFT_VERSION = 4.0;
				TARGETED_DEVICE_FAMILY = "1,2";
			};
			name = Debug;
		};
		3F33363321396E64006E4FEE /* Release */ = {
			isa = XCBuildConfiguration;
			buildSettings = {
				ASSETCATALOG_COMPILER_APPICON_NAME = AppIcon;
				CODE_SIGN_STYLE = Automatic;
				INFOPLIST_FILE = XCUITestExample/Info.plist;
				LD_RUNPATH_SEARCH_PATHS = (
					"$(inherited)",
					"@executable_path/Frameworks",
				);
				PRODUCT_BUNDLE_IDENTIFIER = kevinyu.XCUITestExample;
				PRODUCT_NAME = "$(TARGET_NAME)";
				SWIFT_VERSION = 4.0;
				TARGETED_DEVICE_FAMILY = "1,2";
			};
			name = Release;
		};
		3F33363521396E64006E4FEE /* Debug */ = {
			isa = XCBuildConfiguration;
			buildSettings = {
				ALWAYS_EMBED_SWIFT_STANDARD_LIBRARIES = YES;
				CODE_SIGN_STYLE = Automatic;
				INFOPLIST_FILE = XCUITestExampleUITests/Info.plist;
				LD_RUNPATH_SEARCH_PATHS = (
					"$(inherited)",
					"@executable_path/Frameworks",
					"@loader_path/Frameworks",
				);
				PRODUCT_BUNDLE_IDENTIFIER = kevinyu.XCUITestExampleUITests;
				PRODUCT_NAME = "$(TARGET_NAME)";
				SWIFT_VERSION = 4.0;
				TARGETED_DEVICE_FAMILY = "1,2";
				TEST_TARGET_NAME = XCUITestExample;
			};
			name = Debug;
		};
		3F33363621396E64006E4FEE /* Release */ = {
			isa = XCBuildConfiguration;
			buildSettings = {
				ALWAYS_EMBED_SWIFT_STANDARD_LIBRARIES = YES;
				CODE_SIGN_STYLE = Automatic;
				INFOPLIST_FILE = XCUITestExampleUITests/Info.plist;
				LD_RUNPATH_SEARCH_PATHS = (
					"$(inherited)",
					"@executable_path/Frameworks",
					"@loader_path/Frameworks",
				);
				PRODUCT_BUNDLE_IDENTIFIER = kevinyu.XCUITestExampleUITests;
				PRODUCT_NAME = "$(TARGET_NAME)";
				SWIFT_VERSION = 4.0;
				TARGETED_DEVICE_FAMILY = "1,2";
				TEST_TARGET_NAME = XCUITestExample;
			};
			name = Release;
		};
/* End XCBuildConfiguration section */

/* Begin XCConfigurationList section */
		3F33360F21396E62006E4FEE /* Build configuration list for PBXProject "XCUITestExample" */ = {
			isa = XCConfigurationList;
			buildConfigurations = (
				3F33362F21396E64006E4FEE /* Debug */,
				3F33363021396E64006E4FEE /* Release */,
			);
			defaultConfigurationIsVisible = 0;
			defaultConfigurationName = Release;
		};
		3F33363121396E64006E4FEE /* Build configuration list for PBXNativeTarget "XCUITestExample" */ = {
			isa = XCConfigurationList;
			buildConfigurations = (
				3F33363221396E64006E4FEE /* Debug */,
				3F33363321396E64006E4FEE /* Release */,
			);
			defaultConfigurationIsVisible = 0;
			defaultConfigurationName = Release;
		};
		3F33363421396E64006E4FEE /* Build configuration list for PBXNativeTarget "XCUITestExampleUITests" */ = {
			isa = XCConfigurationList;
			buildConfigurations = (
				3F33363521396E64006E4FEE /* Debug */,
				3F33363621396E64006E4FEE /* Release */,
			);
			defaultConfigurationIsVisible = 0;
			defaultConfigurationName = Release;
		};
/* End XCConfigurationList section */
	};
	rootObject = 3F33360C21396E62006E4FEE /* Project object */;
}
